// !$*UTF8*$!
{
	archiveVersion = 1;
	classes = {
	};
	objectVersion = 50;
	objects = {

/* Begin PBXBuildFile section */
		1D0BFBCA21212BF800B8D0E0 /* AppDelegate.swift in Sources */ = {isa = PBXBuildFile; fileRef = 1D0BFBC921212BF800B8D0E0 /* AppDelegate.swift */; };
		1D0BFBCC21212BF800B8D0E0 /* ViewController.swift in Sources */ = {isa = PBXBuildFile; fileRef = 1D0BFBCB21212BF800B8D0E0 /* ViewController.swift */; };
		1D0BFBCF21212BF800B8D0E0 /* Main.storyboard in Resources */ = {isa = PBXBuildFile; fileRef = 1D0BFBCD21212BF800B8D0E0 /* Main.storyboard */; };
		1D0BFBD121212BF900B8D0E0 /* Assets.xcassets in Resources */ = {isa = PBXBuildFile; fileRef = 1D0BFBD021212BF900B8D0E0 /* Assets.xcassets */; };
		1D0BFBD421212BF900B8D0E0 /* LaunchScreen.storyboard in Resources */ = {isa = PBXBuildFile; fileRef = 1D0BFBD221212BF900B8D0E0 /* LaunchScreen.storyboard */; };
		1D0BFBD921212BF900B8D0E0 /* Watch Calci WatchKit App.app in Embed Watch Content */ = {isa = PBXBuildFile; fileRef = 1D0BFBD821212BF900B8D0E0 /* Watch Calci WatchKit App.app */; };
		1D0BFBDF21212BF900B8D0E0 /* Interface.storyboard in Resources */ = {isa = PBXBuildFile; fileRef = 1D0BFBDD21212BF900B8D0E0 /* Interface.storyboard */; };
		1D0BFBE121212BFA00B8D0E0 /* Assets.xcassets in Resources */ = {isa = PBXBuildFile; fileRef = 1D0BFBE021212BFA00B8D0E0 /* Assets.xcassets */; };
		1D0BFBE821212BFA00B8D0E0 /* Watch Calci WatchKit Extension.appex in Embed App Extensions */ = {isa = PBXBuildFile; fileRef = 1D0BFBE721212BFA00B8D0E0 /* Watch Calci WatchKit Extension.appex */; settings = {ATTRIBUTES = (RemoveHeadersOnCopy, ); }; };
		1D0BFBED21212BFA00B8D0E0 /* InterfaceController.swift in Sources */ = {isa = PBXBuildFile; fileRef = 1D0BFBEC21212BFA00B8D0E0 /* InterfaceController.swift */; };
		1D0BFBEF21212BFA00B8D0E0 /* ExtensionDelegate.swift in Sources */ = {isa = PBXBuildFile; fileRef = 1D0BFBEE21212BFA00B8D0E0 /* ExtensionDelegate.swift */; };
		1D0BFBF121212BFB00B8D0E0 /* Assets.xcassets in Resources */ = {isa = PBXBuildFile; fileRef = 1D0BFBF021212BFB00B8D0E0 /* Assets.xcassets */; };
/* End PBXBuildFile section */

/* Begin PBXContainerItemProxy section */
		1D0BFBDA21212BF900B8D0E0 /* PBXContainerItemProxy */ = {
			isa = PBXContainerItemProxy;
			containerPortal = 1D0BFBBE21212BF800B8D0E0 /* Project object */;
			proxyType = 1;
			remoteGlobalIDString = 1D0BFBD721212BF900B8D0E0;
			remoteInfo = "Watch Calci WatchKit App";
		};
		1D0BFBE921212BFA00B8D0E0 /* PBXContainerItemProxy */ = {
			isa = PBXContainerItemProxy;
			containerPortal = 1D0BFBBE21212BF800B8D0E0 /* Project object */;
			proxyType = 1;
			remoteGlobalIDString = 1D0BFBE621212BFA00B8D0E0;
			remoteInfo = "Watch Calci WatchKit Extension";
		};
/* End PBXContainerItemProxy section */

/* Begin PBXCopyFilesBuildPhase section */
		1D0BFBF821212BFB00B8D0E0 /* Embed App Extensions */ = {
			isa = PBXCopyFilesBuildPhase;
			buildActionMask = 2147483647;
			dstPath = "";
			dstSubfolderSpec = 13;
			files = (
				1D0BFBE821212BFA00B8D0E0 /* Watch Calci WatchKit Extension.appex in Embed App Extensions */,
			);
			name = "Embed App Extensions";
			runOnlyForDeploymentPostprocessing = 0;
		};
		1D0BFBFC21212BFB00B8D0E0 /* Embed Watch Content */ = {
			isa = PBXCopyFilesBuildPhase;
			buildActionMask = 2147483647;
			dstPath = "$(CONTENTS_FOLDER_PATH)/Watch";
			dstSubfolderSpec = 16;
			files = (
				1D0BFBD921212BF900B8D0E0 /* Watch Calci WatchKit App.app in Embed Watch Content */,
			);
			name = "Embed Watch Content";
			runOnlyForDeploymentPostprocessing = 0;
		};
/* End PBXCopyFilesBuildPhase section */

/* Begin PBXFileReference section */
		1D0BFBC621212BF800B8D0E0 /* Watch Calci.app */ = {isa = PBXFileReference; explicitFileType = wrapper.application; includeInIndex = 0; path = "Watch Calci.app"; sourceTree = BUILT_PRODUCTS_DIR; };
		1D0BFBC921212BF800B8D0E0 /* AppDelegate.swift */ = {isa = PBXFileReference; lastKnownFileType = sourcecode.swift; path = AppDelegate.swift; sourceTree = "<group>"; };
		1D0BFBCB21212BF800B8D0E0 /* ViewController.swift */ = {isa = PBXFileReference; lastKnownFileType = sourcecode.swift; path = ViewController.swift; sourceTree = "<group>"; };
		1D0BFBCE21212BF800B8D0E0 /* Base */ = {isa = PBXFileReference; lastKnownFileType = file.storyboard; name = Base; path = Base.lproj/Main.storyboard; sourceTree = "<group>"; };
		1D0BFBD021212BF900B8D0E0 /* Assets.xcassets */ = {isa = PBXFileReference; lastKnownFileType = folder.assetcatalog; path = Assets.xcassets; sourceTree = "<group>"; };
		1D0BFBD321212BF900B8D0E0 /* Base */ = {isa = PBXFileReference; lastKnownFileType = file.storyboard; name = Base; path = Base.lproj/LaunchScreen.storyboard; sourceTree = "<group>"; };
		1D0BFBD521212BF900B8D0E0 /* Info.plist */ = {isa = PBXFileReference; lastKnownFileType = text.plist.xml; path = Info.plist; sourceTree = "<group>"; };
		1D0BFBD821212BF900B8D0E0 /* Watch Calci WatchKit App.app */ = {isa = PBXFileReference; explicitFileType = wrapper.application; includeInIndex = 0; path = "Watch Calci WatchKit App.app"; sourceTree = BUILT_PRODUCTS_DIR; };
		1D0BFBDE21212BF900B8D0E0 /* Base */ = {isa = PBXFileReference; lastKnownFileType = file.storyboard; name = Base; path = Base.lproj/Interface.storyboard; sourceTree = "<group>"; };
		1D0BFBE021212BFA00B8D0E0 /* Assets.xcassets */ = {isa = PBXFileReference; lastKnownFileType = folder.assetcatalog; path = Assets.xcassets; sourceTree = "<group>"; };
		1D0BFBE221212BFA00B8D0E0 /* Info.plist */ = {isa = PBXFileReference; lastKnownFileType = text.plist.xml; path = Info.plist; sourceTree = "<group>"; };
		1D0BFBE721212BFA00B8D0E0 /* Watch Calci WatchKit Extension.appex */ = {isa = PBXFileReference; explicitFileType = "wrapper.app-extension"; includeInIndex = 0; path = "Watch Calci WatchKit Extension.appex"; sourceTree = BUILT_PRODUCTS_DIR; };
		1D0BFBEC21212BFA00B8D0E0 /* InterfaceController.swift */ = {isa = PBXFileReference; lastKnownFileType = sourcecode.swift; path = InterfaceController.swift; sourceTree = "<group>"; };
		1D0BFBEE21212BFA00B8D0E0 /* ExtensionDelegate.swift */ = {isa = PBXFileReference; lastKnownFileType = sourcecode.swift; path = ExtensionDelegate.swift; sourceTree = "<group>"; };
		1D0BFBF021212BFB00B8D0E0 /* Assets.xcassets */ = {isa = PBXFileReference; lastKnownFileType = folder.assetcatalog; path = Assets.xcassets; sourceTree = "<group>"; };
		1D0BFBF221212BFB00B8D0E0 /* Info.plist */ = {isa = PBXFileReference; lastKnownFileType = text.plist.xml; path = Info.plist; sourceTree = "<group>"; };
/* End PBXFileReference section */

/* Begin PBXFrameworksBuildPhase section */
		1D0BFBC321212BF800B8D0E0 /* Frameworks */ = {
			isa = PBXFrameworksBuildPhase;
			buildActionMask = 2147483647;
			files = (
			);
			runOnlyForDeploymentPostprocessing = 0;
		};
		1D0BFBE421212BFA00B8D0E0 /* Frameworks */ = {
			isa = PBXFrameworksBuildPhase;
			buildActionMask = 2147483647;
			files = (
			);
			runOnlyForDeploymentPostprocessing = 0;
		};
/* End PBXFrameworksBuildPhase section */

/* Begin PBXGroup section */
		1D0BFBBD21212BF800B8D0E0 = {
			isa = PBXGroup;
			children = (
				1D0BFBC821212BF800B8D0E0 /* Watch Calci */,
				1D0BFBDC21212BF900B8D0E0 /* Watch Calci WatchKit App */,
				1D0BFBEB21212BFA00B8D0E0 /* Watch Calci WatchKit Extension */,
				1D0BFBC721212BF800B8D0E0 /* Products */,
			);
			sourceTree = "<group>";
		};
		1D0BFBC721212BF800B8D0E0 /* Products */ = {
			isa = PBXGroup;
			children = (
				1D0BFBC621212BF800B8D0E0 /* Watch Calci.app */,
				1D0BFBD821212BF900B8D0E0 /* Watch Calci WatchKit App.app */,
				1D0BFBE721212BFA00B8D0E0 /* Watch Calci WatchKit Extension.appex */,
			);
			name = Products;
			sourceTree = "<group>";
		};
		1D0BFBC821212BF800B8D0E0 /* Watch Calci */ = {
			isa = PBXGroup;
			children = (
				1D0BFBC921212BF800B8D0E0 /* AppDelegate.swift */,
				1D0BFBCB21212BF800B8D0E0 /* ViewController.swift */,
				1D0BFBCD21212BF800B8D0E0 /* Main.storyboard */,
				1D0BFBD021212BF900B8D0E0 /* Assets.xcassets */,
				1D0BFBD221212BF900B8D0E0 /* LaunchScreen.storyboard */,
				1D0BFBD521212BF900B8D0E0 /* Info.plist */,
			);
			path = "Watch Calci";
			sourceTree = "<group>";
		};
		1D0BFBDC21212BF900B8D0E0 /* Watch Calci WatchKit App */ = {
			isa = PBXGroup;
			children = (
				1D0BFBDD21212BF900B8D0E0 /* Interface.storyboard */,
				1D0BFBE021212BFA00B8D0E0 /* Assets.xcassets */,
				1D0BFBE221212BFA00B8D0E0 /* Info.plist */,
			);
			path = "Watch Calci WatchKit App";
			sourceTree = "<group>";
		};
		1D0BFBEB21212BFA00B8D0E0 /* Watch Calci WatchKit Extension */ = {
			isa = PBXGroup;
			children = (
				1D0BFBEC21212BFA00B8D0E0 /* InterfaceController.swift */,
				1D0BFBEE21212BFA00B8D0E0 /* ExtensionDelegate.swift */,
				1D0BFBF021212BFB00B8D0E0 /* Assets.xcassets */,
				1D0BFBF221212BFB00B8D0E0 /* Info.plist */,
			);
			path = "Watch Calci WatchKit Extension";
			sourceTree = "<group>";
		};
/* End PBXGroup section */

/* Begin PBXNativeTarget section */
		1D0BFBC521212BF800B8D0E0 /* Watch Calci */ = {
			isa = PBXNativeTarget;
			buildConfigurationList = 1D0BFBFD21212BFB00B8D0E0 /* Build configuration list for PBXNativeTarget "Watch Calci" */;
			buildPhases = (
				1D0BFBC221212BF800B8D0E0 /* Sources */,
				1D0BFBC321212BF800B8D0E0 /* Frameworks */,
				1D0BFBC421212BF800B8D0E0 /* Resources */,
				1D0BFBFC21212BFB00B8D0E0 /* Embed Watch Content */,
			);
			buildRules = (
			);
			dependencies = (
				1D0BFBDB21212BF900B8D0E0 /* PBXTargetDependency */,
			);
			name = "Watch Calci";
			productName = "Watch Calci";
			productReference = 1D0BFBC621212BF800B8D0E0 /* Watch Calci.app */;
			productType = "com.apple.product-type.application";
		};
		1D0BFBD721212BF900B8D0E0 /* Watch Calci WatchKit App */ = {
			isa = PBXNativeTarget;
			buildConfigurationList = 1D0BFBF921212BFB00B8D0E0 /* Build configuration list for PBXNativeTarget "Watch Calci WatchKit App" */;
			buildPhases = (
				1D0BFBD621212BF900B8D0E0 /* Resources */,
				1D0BFBF821212BFB00B8D0E0 /* Embed App Extensions */,
			);
			buildRules = (
			);
			dependencies = (
				1D0BFBEA21212BFA00B8D0E0 /* PBXTargetDependency */,
			);
			name = "Watch Calci WatchKit App";
			productName = "Watch Calci WatchKit App";
			productReference = 1D0BFBD821212BF900B8D0E0 /* Watch Calci WatchKit App.app */;
			productType = "com.apple.product-type.application.watchapp2";
		};
		1D0BFBE621212BFA00B8D0E0 /* Watch Calci WatchKit Extension */ = {
			isa = PBXNativeTarget;
			buildConfigurationList = 1D0BFBF521212BFB00B8D0E0 /* Build configuration list for PBXNativeTarget "Watch Calci WatchKit Extension" */;
			buildPhases = (
				1D0BFBE321212BFA00B8D0E0 /* Sources */,
				1D0BFBE421212BFA00B8D0E0 /* Frameworks */,
				1D0BFBE521212BFA00B8D0E0 /* Resources */,
			);
			buildRules = (
			);
			dependencies = (
			);
			name = "Watch Calci WatchKit Extension";
			productName = "Watch Calci WatchKit Extension";
			productReference = 1D0BFBE721212BFA00B8D0E0 /* Watch Calci WatchKit Extension.appex */;
			productType = "com.apple.product-type.watchkit2-extension";
		};
/* End PBXNativeTarget section */

/* Begin PBXProject section */
		1D0BFBBE21212BF800B8D0E0 /* Project object */ = {
			isa = PBXProject;
			attributes = {
				LastSwiftUpdateCheck = 0940;
				LastUpgradeCheck = 0940;
				ORGANIZATIONNAME = "Vikas Radhakrishna Shetty";
				TargetAttributes = {
					1D0BFBC521212BF800B8D0E0 = {
						CreatedOnToolsVersion = 9.4.1;
					};
					1D0BFBD721212BF900B8D0E0 = {
						CreatedOnToolsVersion = 9.4.1;
					};
					1D0BFBE621212BFA00B8D0E0 = {
						CreatedOnToolsVersion = 9.4.1;
					};
				};
			};
			buildConfigurationList = 1D0BFBC121212BF800B8D0E0 /* Build configuration list for PBXProject "Watch Calci" */;
			compatibilityVersion = "Xcode 9.3";
			developmentRegion = en;
			hasScannedForEncodings = 0;
			knownRegions = (
				en,
				Base,
			);
			mainGroup = 1D0BFBBD21212BF800B8D0E0;
			productRefGroup = 1D0BFBC721212BF800B8D0E0 /* Products */;
			projectDirPath = "";
			projectRoot = "";
			targets = (
				1D0BFBC521212BF800B8D0E0 /* Watch Calci */,
				1D0BFBD721212BF900B8D0E0 /* Watch Calci WatchKit App */,
				1D0BFBE621212BFA00B8D0E0 /* Watch Calci WatchKit Extension */,
			);
		};
/* End PBXProject section */

/* Begin PBXResourcesBuildPhase section */
		1D0BFBC421212BF800B8D0E0 /* Resources */ = {
			isa = PBXResourcesBuildPhase;
			buildActionMask = 2147483647;
			files = (
				1D0BFBD421212BF900B8D0E0 /* LaunchScreen.storyboard in Resources */,
				1D0BFBD121212BF900B8D0E0 /* Assets.xcassets in Resources */,
				1D0BFBCF21212BF800B8D0E0 /* Main.storyboard in Resources */,
			);
			runOnlyForDeploymentPostprocessing = 0;
		};
		1D0BFBD621212BF900B8D0E0 /* Resources */ = {
			isa = PBXResourcesBuildPhase;
			buildActionMask = 2147483647;
			files = (
				1D0BFBE121212BFA00B8D0E0 /* Assets.xcassets in Resources */,
				1D0BFBDF21212BF900B8D0E0 /* Interface.storyboard in Resources */,
			);
			runOnlyForDeploymentPostprocessing = 0;
		};
		1D0BFBE521212BFA00B8D0E0 /* Resources */ = {
			isa = PBXResourcesBuildPhase;
			buildActionMask = 2147483647;
			files = (
				1D0BFBF121212BFB00B8D0E0 /* Assets.xcassets in Resources */,
			);
			runOnlyForDeploymentPostprocessing = 0;
		};
/* End PBXResourcesBuildPhase section */

/* Begin PBXSourcesBuildPhase section */
		1D0BFBC221212BF800B8D0E0 /* Sources */ = {
			isa = PBXSourcesBuildPhase;
			buildActionMask = 2147483647;
			files = (
				1D0BFBCC21212BF800B8D0E0 /* ViewController.swift in Sources */,
				1D0BFBCA21212BF800B8D0E0 /* AppDelegate.swift in Sources */,
			);
			runOnlyForDeploymentPostprocessing = 0;
		};
		1D0BFBE321212BFA00B8D0E0 /* Sources */ = {
			isa = PBXSourcesBuildPhase;
			buildActionMask = 2147483647;
			files = (
				1D0BFBEF21212BFA00B8D0E0 /* ExtensionDelegate.swift in Sources */,
				1D0BFBED21212BFA00B8D0E0 /* InterfaceController.swift in Sources */,
			);
			runOnlyForDeploymentPostprocessing = 0;
		};
/* End PBXSourcesBuildPhase section */

/* Begin PBXTargetDependency section */
		1D0BFBDB21212BF900B8D0E0 /* PBXTargetDependency */ = {
			isa = PBXTargetDependency;
			target = 1D0BFBD721212BF900B8D0E0 /* Watch Calci WatchKit App */;
			targetProxy = 1D0BFBDA21212BF900B8D0E0 /* PBXContainerItemProxy */;
		};
		1D0BFBEA21212BFA00B8D0E0 /* PBXTargetDependency */ = {
			isa = PBXTargetDependency;
			target = 1D0BFBE621212BFA00B8D0E0 /* Watch Calci WatchKit Extension */;
			targetProxy = 1D0BFBE921212BFA00B8D0E0 /* PBXContainerItemProxy */;
		};
/* End PBXTargetDependency section */

/* Begin PBXVariantGroup section */
		1D0BFBCD21212BF800B8D0E0 /* Main.storyboard */ = {
			isa = PBXVariantGroup;
			children = (
				1D0BFBCE21212BF800B8D0E0 /* Base */,
			);
			name = Main.storyboard;
			sourceTree = "<group>";
		};
		1D0BFBD221212BF900B8D0E0 /* LaunchScreen.storyboard */ = {
			isa = PBXVariantGroup;
			children = (
				1D0BFBD321212BF900B8D0E0 /* Base */,
			);
			name = LaunchScreen.storyboard;
			sourceTree = "<group>";
		};
		1D0BFBDD21212BF900B8D0E0 /* Interface.storyboard */ = {
			isa = PBXVariantGroup;
			children = (
				1D0BFBDE21212BF900B8D0E0 /* Base */,
			);
			name = Interface.storyboard;
			sourceTree = "<group>";
		};
/* End PBXVariantGroup section */

/* Begin XCBuildConfiguration section */
		1D0BFBF321212BFB00B8D0E0 /* Debug */ = {
			isa = XCBuildConfiguration;
			buildSettings = {
				ALWAYS_SEARCH_USER_PATHS = NO;
				CLANG_ANALYZER_NONNULL = YES;
				CLANG_ANALYZER_NUMBER_OBJECT_CONVERSION = YES_AGGRESSIVE;
				CLANG_CXX_LANGUAGE_STANDARD = "gnu++14";
				CLANG_CXX_LIBRARY = "libc++";
				CLANG_ENABLE_MODULES = YES;
				CLANG_ENABLE_OBJC_ARC = YES;
				CLANG_ENABLE_OBJC_WEAK = YES;
				CLANG_WARN_BLOCK_CAPTURE_AUTORELEASING = YES;
				CLANG_WARN_BOOL_CONVERSION = YES;
				CLANG_WARN_COMMA = YES;
				CLANG_WARN_CONSTANT_CONVERSION = YES;
				CLANG_WARN_DEPRECATED_OBJC_IMPLEMENTATIONS = YES;
				CLANG_WARN_DIRECT_OBJC_ISA_USAGE = YES_ERROR;
				CLANG_WARN_DOCUMENTATION_COMMENTS = YES;
				CLANG_WARN_EMPTY_BODY = YES;
				CLANG_WARN_ENUM_CONVERSION = YES;
				CLANG_WARN_INFINITE_RECURSION = YES;
				CLANG_WARN_INT_CONVERSION = YES;
				CLANG_WARN_NON_LITERAL_NULL_CONVERSION = YES;
				CLANG_WARN_OBJC_IMPLICIT_RETAIN_SELF = YES;
				CLANG_WARN_OBJC_LITERAL_CONVERSION = YES;
				CLANG_WARN_OBJC_ROOT_CLASS = YES_ERROR;
				CLANG_WARN_RANGE_LOOP_ANALYSIS = YES;
				CLANG_WARN_STRICT_PROTOTYPES = YES;
				CLANG_WARN_SUSPICIOUS_MOVE = YES;
				CLANG_WARN_UNGUARDED_AVAILABILITY = YES_AGGRESSIVE;
				CLANG_WARN_UNREACHABLE_CODE = YES;
				CLANG_WARN__DUPLICATE_METHOD_MATCH = YES;
				CODE_SIGN_IDENTITY = "iPhone Developer";
				COPY_PHASE_STRIP = NO;
				DEBUG_INFORMATION_FORMAT = dwarf;
				ENABLE_STRICT_OBJC_MSGSEND = YES;
				ENABLE_TESTABILITY = YES;
				GCC_C_LANGUAGE_STANDARD = gnu11;
				GCC_DYNAMIC_NO_PIC = NO;
				GCC_NO_COMMON_BLOCKS = YES;
				GCC_OPTIMIZATION_LEVEL = 0;
				GCC_PREPROCESSOR_DEFINITIONS = (
					"DEBUG=1",
					"$(inherited)",
				);
				GCC_WARN_64_TO_32_BIT_CONVERSION = YES;
				GCC_WARN_ABOUT_RETURN_TYPE = YES_ERROR;
				GCC_WARN_UNDECLARED_SELECTOR = YES;
				GCC_WARN_UNINITIALIZED_AUTOS = YES_AGGRESSIVE;
				GCC_WARN_UNUSED_FUNCTION = YES;
				GCC_WARN_UNUSED_VARIABLE = YES;
				IPHONEOS_DEPLOYMENT_TARGET = 11.4;
				MTL_ENABLE_DEBUG_INFO = YES;
				ONLY_ACTIVE_ARCH = YES;
				SDKROOT = iphoneos;
				SWIFT_ACTIVE_COMPILATION_CONDITIONS = DEBUG;
				SWIFT_OPTIMIZATION_LEVEL = "-Onone";
			};
			name = Debug;
		};
		1D0BFBF421212BFB00B8D0E0 /* Release */ = {
			isa = XCBuildConfiguration;
			buildSettings = {
				ALWAYS_SEARCH_USER_PATHS = NO;
				CLANG_ANALYZER_NONNULL = YES;
				CLANG_ANALYZER_NUMBER_OBJECT_CONVERSION = YES_AGGRESSIVE;
				CLANG_CXX_LANGUAGE_STANDARD = "gnu++14";
				CLANG_CXX_LIBRARY = "libc++";
				CLANG_ENABLE_MODULES = YES;
				CLANG_ENABLE_OBJC_ARC = YES;
				CLANG_ENABLE_OBJC_WEAK = YES;
				CLANG_WARN_BLOCK_CAPTURE_AUTORELEASING = YES;
				CLANG_WARN_BOOL_CONVERSION = YES;
				CLANG_WARN_COMMA = YES;
				CLANG_WARN_CONSTANT_CONVERSION = YES;
				CLANG_WARN_DEPRECATED_OBJC_IMPLEMENTATIONS = YES;
				CLANG_WARN_DIRECT_OBJC_ISA_USAGE = YES_ERROR;
				CLANG_WARN_DOCUMENTATION_COMMENTS = YES;
				CLANG_WARN_EMPTY_BODY = YES;
				CLANG_WARN_ENUM_CONVERSION = YES;
				CLANG_WARN_INFINITE_RECURSION = YES;
				CLANG_WARN_INT_CONVERSION = YES;
				CLANG_WARN_NON_LITERAL_NULL_CONVERSION = YES;
				CLANG_WARN_OBJC_IMPLICIT_RETAIN_SELF = YES;
				CLANG_WARN_OBJC_LITERAL_CONVERSION = YES;
				CLANG_WARN_OBJC_ROOT_CLASS = YES_ERROR;
				CLANG_WARN_RANGE_LOOP_ANALYSIS = YES;
				CLANG_WARN_STRICT_PROTOTYPES = YES;
				CLANG_WARN_SUSPICIOUS_MOVE = YES;
				CLANG_WARN_UNGUARDED_AVAILABILITY = YES_AGGRESSIVE;
				CLANG_WARN_UNREACHABLE_CODE = YES;
				CLANG_WARN__DUPLICATE_METHOD_MATCH = YES;
				CODE_SIGN_IDENTITY = "iPhone Developer";
				COPY_PHASE_STRIP = NO;
				DEBUG_INFORMATION_FORMAT = "dwarf-with-dsym";
				ENABLE_NS_ASSERTIONS = NO;
				ENABLE_STRICT_OBJC_MSGSEND = YES;
				GCC_C_LANGUAGE_STANDARD = gnu11;
				GCC_NO_COMMON_BLOCKS = YES;
				GCC_WARN_64_TO_32_BIT_CONVERSION = YES;
				GCC_WARN_ABOUT_RETURN_TYPE = YES_ERROR;
				GCC_WARN_UNDECLARED_SELECTOR = YES;
				GCC_WARN_UNINITIALIZED_AUTOS = YES_AGGRESSIVE;
				GCC_WARN_UNUSED_FUNCTION = YES;
				GCC_WARN_UNUSED_VARIABLE = YES;
				IPHONEOS_DEPLOYMENT_TARGET = 11.4;
				MTL_ENABLE_DEBUG_INFO = NO;
				SDKROOT = iphoneos;
				SWIFT_COMPILATION_MODE = wholemodule;
				SWIFT_OPTIMIZATION_LEVEL = "-O";
				VALIDATE_PRODUCT = YES;
			};
			name = Release;
		};
		1D0BFBF621212BFB00B8D0E0 /* Debug */ = {
			isa = XCBuildConfiguration;
			buildSettings = {
				ASSETCATALOG_COMPILER_COMPLICATION_NAME = Complication;
				CODE_SIGN_STYLE = Automatic;
				DEVELOPMENT_TEAM = KQ67BZRB9J;
				INFOPLIST_FILE = "Watch Calci WatchKit Extension/Info.plist";
				LD_RUNPATH_SEARCH_PATHS = (
					"$(inherited)",
					"@executable_path/Frameworks",
					"@executable_path/../../Frameworks",
				);
				PRODUCT_BUNDLE_IDENTIFIER = "com.vikas.shetty.Watch-Calci.watchkitapp.watchkitextension";
				PRODUCT_NAME = "${TARGET_NAME}";
				SDKROOT = watchos;
				SKIP_INSTALL = YES;
				SWIFT_VERSION = 4.0;
				TARGETED_DEVICE_FAMILY = 4;
				WATCHOS_DEPLOYMENT_TARGET = 4.3;
			};
			name = Debug;
		};
		1D0BFBF721212BFB00B8D0E0 /* Release */ = {
			isa = XCBuildConfiguration;
			buildSettings = {
				ASSETCATALOG_COMPILER_COMPLICATION_NAME = Complication;
				CODE_SIGN_STYLE = Automatic;
				DEVELOPMENT_TEAM = KQ67BZRB9J;
				INFOPLIST_FILE = "Watch Calci WatchKit Extension/Info.plist";
				LD_RUNPATH_SEARCH_PATHS = (
					"$(inherited)",
					"@executable_path/Frameworks",
					"@executable_path/../../Frameworks",
				);
				PRODUCT_BUNDLE_IDENTIFIER = "com.vikas.shetty.Watch-Calci.watchkitapp.watchkitextension";
				PRODUCT_NAME = "${TARGET_NAME}";
				SDKROOT = watchos;
				SKIP_INSTALL = YES;
				SWIFT_VERSION = 4.0;
				TARGETED_DEVICE_FAMILY = 4;
				WATCHOS_DEPLOYMENT_TARGET = 4.3;
			};
			name = Release;
		};
		1D0BFBFA21212BFB00B8D0E0 /* Debug */ = {
			isa = XCBuildConfiguration;
			buildSettings = {
				ALWAYS_EMBED_SWIFT_STANDARD_LIBRARIES = YES;
				ASSETCATALOG_COMPILER_APPICON_NAME = AppIcon;
				CODE_SIGN_STYLE = Automatic;
				DEVELOPMENT_TEAM = KQ67BZRB9J;
				IBSC_MODULE = Watch_Calci_WatchKit_Extension;
				INFOPLIST_FILE = "Watch Calci WatchKit App/Info.plist";
				PRODUCT_BUNDLE_IDENTIFIER = "com.vikas.shetty.Watch-Calci.watchkitapp";
				PRODUCT_NAME = "$(TARGET_NAME)";
				SDKROOT = watchos;
				SKIP_INSTALL = YES;
				SWIFT_VERSION = 4.0;
				TARGETED_DEVICE_FAMILY = 4;
				WATCHOS_DEPLOYMENT_TARGET = 4.3;
			};
			name = Debug;
		};
		1D0BFBFB21212BFB00B8D0E0 /* Release */ = {
			isa = XCBuildConfiguration;
			buildSettings = {
				ALWAYS_EMBED_SWIFT_STANDARD_LIBRARIES = YES;
				ASSETCATALOG_COMPILER_APPICON_NAME = AppIcon;
				CODE_SIGN_STYLE = Automatic;
				DEVELOPMENT_TEAM = KQ67BZRB9J;
				IBSC_MODULE = Watch_Calci_WatchKit_Extension;
				INFOPLIST_FILE = "Watch Calci WatchKit App/Info.plist";
				PRODUCT_BUNDLE_IDENTIFIER = "com.vikas.shetty.Watch-Calci.watchkitapp";
				PRODUCT_NAME = "$(TARGET_NAME)";
				SDKROOT = watchos;
				SKIP_INSTALL = YES;
				SWIFT_VERSION = 4.0;
				TARGETED_DEVICE_FAMILY = 4;
				WATCHOS_DEPLOYMENT_TARGET = 4.3;
			};
			name = Release;
		};
		1D0BFBFE21212BFB00B8D0E0 /* Debug */ = {
			isa = XCBuildConfiguration;
			buildSettings = {
				ASSETCATALOG_COMPILER_APPICON_NAME = AppIcon;
				CODE_SIGN_STYLE = Automatic;
				DEVELOPMENT_TEAM = KQ67BZRB9J;
				INFOPLIST_FILE = "Watch Calci/Info.plist";
				LD_RUNPATH_SEARCH_PATHS = (
					"$(inherited)",
					"@executable_path/Frameworks",
				);
				PRODUCT_BUNDLE_IDENTIFIER = "com.vikas.shetty.Watch-Calci";
				PRODUCT_NAME = "$(TARGET_NAME)";
				SWIFT_VERSION = 4.0;
				TARGETED_DEVICE_FAMILY = "1,2";
			};
			name = Debug;
		};
		1D0BFBFF21212BFB00B8D0E0 /* Release */ = {
			isa = XCBuildConfiguration;
			buildSettings = {
				ASSETCATALOG_COMPILER_APPICON_NAME = AppIcon;
				CODE_SIGN_STYLE = Automatic;
				DEVELOPMENT_TEAM = KQ67BZRB9J;
				INFOPLIST_FILE = "Watch Calci/Info.plist";
				LD_RUNPATH_SEARCH_PATHS = (
					"$(inherited)",
					"@executable_path/Frameworks",
				);
				PRODUCT_BUNDLE_IDENTIFIER = "com.vikas.shetty.Watch-Calci";
				PRODUCT_NAME = "$(TARGET_NAME)";
				SWIFT_VERSION = 4.0;
				TARGETED_DEVICE_FAMILY = "1,2";
			};
			name = Release;
		};
/* End XCBuildConfiguration section */

/* Begin XCConfigurationList section */
		1D0BFBC121212BF800B8D0E0 /* Build configuration list for PBXProject "Watch Calci" */ = {
			isa = XCConfigurationList;
			buildConfigurations = (
				1D0BFBF321212BFB00B8D0E0 /* Debug */,
				1D0BFBF421212BFB00B8D0E0 /* Release */,
			);
			defaultConfigurationIsVisible = 0;
			defaultConfigurationName = Release;
		};
		1D0BFBF521212BFB00B8D0E0 /* Build configuration list for PBXNativeTarget "Watch Calci WatchKit Extension" */ = {
			isa = XCConfigurationList;
			buildConfigurations = (
				1D0BFBF621212BFB00B8D0E0 /* Debug */,
				1D0BFBF721212BFB00B8D0E0 /* Release */,
			);
			defaultConfigurationIsVisible = 0;
			defaultConfigurationName = Release;
		};
		1D0BFBF921212BFB00B8D0E0 /* Build configuration list for PBXNativeTarget "Watch Calci WatchKit App" */ = {
			isa = XCConfigurationList;
			buildConfigurations = (
				1D0BFBFA21212BFB00B8D0E0 /* Debug */,
				1D0BFBFB21212BFB00B8D0E0 /* Release */,
			);
			defaultConfigurationIsVisible = 0;
			defaultConfigurationName = Release;
		};
		1D0BFBFD21212BFB00B8D0E0 /* Build configuration list for PBXNativeTarget "Watch Calci" */ = {
			isa = XCConfigurationList;
			buildConfigurations = (
				1D0BFBFE21212BFB00B8D0E0 /* Debug */,
				1D0BFBFF21212BFB00B8D0E0 /* Release */,
			);
			defaultConfigurationIsVisible = 0;
			defaultConfigurationName = Release;
		};
/* End XCConfigurationList section */
	};
	rootObject = 1D0BFBBE21212BF800B8D0E0 /* Project object */;
}
